{
  "name": "my-audio-player",
  "version": "1.0.0",
  "lockfileVersion": 1,
  "requires": true,
  "dependencies": {
    "bodymovin": {
      "version": "4.13.0",
      "resolved": "https://registry.npmjs.org/bodymovin/-/bodymovin-4.13.0.tgz",
      "integrity": "sha1-Btl8ATDiM03MszvqY4E2+Ip0VAs="
    }
  }
}
